
Microsoft Visual Studio Solution File, Format Version 12.00
# Visual Studio Version 17
VisualStudioVersion = 17.2.32630.192
MinimumVisualStudioVersion = 10.0.40219.1
Project("{9A19103F-16F7-4668-BE54-9A1E7A4F7556}") = "data-api", "data-api.csproj", "{BA2D93FC-805D-4624-BB4C-F8444F170FF2}"
EndProject
Project("{E53339B2-1760-4266-BCC7-CA923CBCF16C}") = "docker-compose", "docker-compose.dcproj", "{75C4D9AD-C1B6-447D-B203-4B3A2C376900}"
EndProject
Global
	GlobalSection(SolutionConfigurationPlatforms) = preSolution
		Debug|Any CPU = Debug|Any CPU
		Release|Any CPU = Release|Any CPU
	EndGlobalSection
	GlobalSection(ProjectConfigurationPlatforms) = postSolution
		{BA2D93FC-805D-4624-BB4C-F8444F170FF2}.Debug|Any CPU.ActiveCfg = Debug|Any CPU
		{BA2D93FC-805D-4624-BB4C-F8444F170FF2}.Debug|Any CPU.Build.0 = Debug|Any CPU
		{BA2D93FC-805D-4624-BB4C-F8444F170FF2}.Release|Any CPU.ActiveCfg = Release|Any CPU
		{BA2D93FC-805D-4624-BB4C-F8444F170FF2}.Release|Any CPU.Build.0 = Release|Any CPU
		{75C4D9AD-C1B6-447D-B203-4B3A2C376900}.Debug|Any CPU.ActiveCfg = Debug|Any CPU
		{75C4D9AD-C1B6-447D-B203-4B3A2C376900}.Debug|Any CPU.Build.0 = Debug|Any CPU
		{75C4D9AD-C1B6-447D-B203-4B3A2C376900}.Release|Any CPU.ActiveCfg = Release|Any CPU
		{75C4D9AD-C1B6-447D-B203-4B3A2C376900}.Release|Any CPU.Build.0 = Release|Any CPU
	EndGlobalSection
	GlobalSection(SolutionProperties) = preSolution
		HideSolutionNode = FALSE
	EndGlobalSection
	GlobalSection(ExtensibilityGlobals) = postSolution
		SolutionGuid = {56D96B20-2925-47BC-95DC-41C8264346E6}
	EndGlobalSection
EndGlobal
